
Microsoft Visual Studio Solution File, Format Version 12.00
# Visual Studio 15
VisualStudioVersion = 15.0.28010.2036
MinimumVisualStudioVersion = 10.0.40219.1
Project("{2150E333-8FDC-42A3-9474-1A3956D46DE8}") = "Core", "Core", "{F16CC0FE-1D2D-4C25-9199-D700EC90B8A4}"
EndProject
Project("{FAE04EC0-301F-11D3-BF4B-00C04F79EFBC}") = "Contracts", "Contracts\Contracts.csproj", "{D806EF40-DA7A-4EE7-AC2A-B82A1516D50B}"
EndProject
Project("{FAE04EC0-301F-11D3-BF4B-00C04F79EFBC}") = "BLL", "BLL\BLL.csproj", "{056E21DB-94C2-4C95-8F08-6D5FA33AD1C2}"
EndProject
Project("{2150E333-8FDC-42A3-9474-1A3956D46DE8}") = "Infrastructure", "Infrastructure", "{AEAB7817-10DC-444B-A6A8-CBB7C8CDAA14}"
EndProject
Project("{FAE04EC0-301F-11D3-BF4B-00C04F79EFBC}") = "DAL", "DAL\DAL.csproj", "{EC6CFFA8-3CF1-40F0-95DA-3ACB84F538BD}"
EndProject
Project("{2150E333-8FDC-42A3-9474-1A3956D46DE8}") = "UI", "UI", "{E06B1768-3A94-4991-817A-0B3B1F5C21DF}"
EndProject
Project("{FAE04EC0-301F-11D3-BF4B-00C04F79EFBC}") = "Web", "Web\Web.csproj", "{7014F284-5859-4E5D-A6ED-5A6D8EC79A8A}"
EndProject
Project("{2150E333-8FDC-42A3-9474-1A3956D46DE8}") = "Tests", "Tests", "{132D3998-BC53-43EA-94AF-0F211A6F0E3F}"
EndProject
Project("{FAE04EC0-301F-11D3-BF4B-00C04F79EFBC}") = "WebTests", "WebTests\WebTests.csproj", "{3539BBC1-45EA-4FC7-92EB-B6914F9719A7}"
EndProject
Global
	GlobalSection(SolutionConfigurationPlatforms) = preSolution
		Debug|Any CPU = Debug|Any CPU
		Release|Any CPU = Release|Any CPU
	EndGlobalSection
	GlobalSection(ProjectConfigurationPlatforms) = postSolution
		{D806EF40-DA7A-4EE7-AC2A-B82A1516D50B}.Debug|Any CPU.ActiveCfg = Debug|Any CPU
		{D806EF40-DA7A-4EE7-AC2A-B82A1516D50B}.Debug|Any CPU.Build.0 = Debug|Any CPU
		{D806EF40-DA7A-4EE7-AC2A-B82A1516D50B}.Release|Any CPU.ActiveCfg = Release|Any CPU
		{D806EF40-DA7A-4EE7-AC2A-B82A1516D50B}.Release|Any CPU.Build.0 = Release|Any CPU
		{056E21DB-94C2-4C95-8F08-6D5FA33AD1C2}.Debug|Any CPU.ActiveCfg = Debug|Any CPU
		{056E21DB-94C2-4C95-8F08-6D5FA33AD1C2}.Debug|Any CPU.Build.0 = Debug|Any CPU
		{056E21DB-94C2-4C95-8F08-6D5FA33AD1C2}.Release|Any CPU.ActiveCfg = Release|Any CPU
		{056E21DB-94C2-4C95-8F08-6D5FA33AD1C2}.Release|Any CPU.Build.0 = Release|Any CPU
		{EC6CFFA8-3CF1-40F0-95DA-3ACB84F538BD}.Debug|Any CPU.ActiveCfg = Debug|Any CPU
		{EC6CFFA8-3CF1-40F0-95DA-3ACB84F538BD}.Debug|Any CPU.Build.0 = Debug|Any CPU
		{EC6CFFA8-3CF1-40F0-95DA-3ACB84F538BD}.Release|Any CPU.ActiveCfg = Release|Any CPU
		{EC6CFFA8-3CF1-40F0-95DA-3ACB84F538BD}.Release|Any CPU.Build.0 = Release|Any CPU
		{7014F284-5859-4E5D-A6ED-5A6D8EC79A8A}.Debug|Any CPU.ActiveCfg = Debug|Any CPU
		{7014F284-5859-4E5D-A6ED-5A6D8EC79A8A}.Debug|Any CPU.Build.0 = Debug|Any CPU
		{7014F284-5859-4E5D-A6ED-5A6D8EC79A8A}.Release|Any CPU.ActiveCfg = Release|Any CPU
		{7014F284-5859-4E5D-A6ED-5A6D8EC79A8A}.Release|Any CPU.Build.0 = Release|Any CPU
		{3539BBC1-45EA-4FC7-92EB-B6914F9719A7}.Debug|Any CPU.ActiveCfg = Debug|Any CPU
		{3539BBC1-45EA-4FC7-92EB-B6914F9719A7}.Debug|Any CPU.Build.0 = Debug|Any CPU
		{3539BBC1-45EA-4FC7-92EB-B6914F9719A7}.Release|Any CPU.ActiveCfg = Release|Any CPU
		{3539BBC1-45EA-4FC7-92EB-B6914F9719A7}.Release|Any CPU.Build.0 = Release|Any CPU
	EndGlobalSection
	GlobalSection(SolutionProperties) = preSolution
		HideSolutionNode = FALSE
	EndGlobalSection
	GlobalSection(NestedProjects) = preSolution
		{D806EF40-DA7A-4EE7-AC2A-B82A1516D50B} = {F16CC0FE-1D2D-4C25-9199-D700EC90B8A4}
		{056E21DB-94C2-4C95-8F08-6D5FA33AD1C2} = {F16CC0FE-1D2D-4C25-9199-D700EC90B8A4}
		{EC6CFFA8-3CF1-40F0-95DA-3ACB84F538BD} = {AEAB7817-10DC-444B-A6A8-CBB7C8CDAA14}
		{7014F284-5859-4E5D-A6ED-5A6D8EC79A8A} = {E06B1768-3A94-4991-817A-0B3B1F5C21DF}
		{3539BBC1-45EA-4FC7-92EB-B6914F9719A7} = {132D3998-BC53-43EA-94AF-0F211A6F0E3F}
	EndGlobalSection
	GlobalSection(ExtensibilityGlobals) = postSolution
		SolutionGuid = {E9BAB523-20DA-4225-AA35-57F4EF1A1630}
	EndGlobalSection
EndGlobal
